// !$*UTF8*$!
{
	archiveVersion = 1;
	classes = {
	};
	objectVersion = 50;
	objects = {

/* Begin PBXBuildFile section */
		79CBE1182167EB1D0084E6A0 /* AppDelegate.swift in Sources */ = {isa = PBXBuildFile; fileRef = 79CBE1172167EB1D0084E6A0 /* AppDelegate.swift */; };
		79CBE11A2167EB1D0084E6A0 /* ViewController.swift in Sources */ = {isa = PBXBuildFile; fileRef = 79CBE1192167EB1D0084E6A0 /* ViewController.swift */; };
		79CBE11D2167EB1D0084E6A0 /* Main.storyboard in Resources */ = {isa = PBXBuildFile; fileRef = 79CBE11B2167EB1D0084E6A0 /* Main.storyboard */; };
		79CBE11F2167EB1F0084E6A0 /* Assets.xcassets in Resources */ = {isa = PBXBuildFile; fileRef = 79CBE11E2167EB1F0084E6A0 /* Assets.xcassets */; };
		79CBE1222167EB1F0084E6A0 /* LaunchScreen.storyboard in Resources */ = {isa = PBXBuildFile; fileRef = 79CBE1202167EB1F0084E6A0 /* LaunchScreen.storyboard */; };
		79CBE12D2167EB1F0084E6A0 /* Color_PickerTests.swift in Sources */ = {isa = PBXBuildFile; fileRef = 79CBE12C2167EB1F0084E6A0 /* Color_PickerTests.swift */; };
		79CBE1382167EB1F0084E6A0 /* Color_PickerUITests.swift in Sources */ = {isa = PBXBuildFile; fileRef = 79CBE1372167EB1F0084E6A0 /* Color_PickerUITests.swift */; };
		79CBE1462167EE3A0084E6A0 /* Colors.swift in Sources */ = {isa = PBXBuildFile; fileRef = 79CBE1452167EE3A0084E6A0 /* Colors.swift */; };
/* End PBXBuildFile section */

/* Begin PBXContainerItemProxy section */
		79CBE1292167EB1F0084E6A0 /* PBXContainerItemProxy */ = {
			isa = PBXContainerItemProxy;
			containerPortal = 79CBE10C2167EB1D0084E6A0 /* Project object */;
			proxyType = 1;
			remoteGlobalIDString = 79CBE1132167EB1D0084E6A0;
			remoteInfo = "Color Picker";
		};
		79CBE1342167EB1F0084E6A0 /* PBXContainerItemProxy */ = {
			isa = PBXContainerItemProxy;
			containerPortal = 79CBE10C2167EB1D0084E6A0 /* Project object */;
			proxyType = 1;
			remoteGlobalIDString = 79CBE1132167EB1D0084E6A0;
			remoteInfo = "Color Picker";
		};
/* End PBXContainerItemProxy section */

/* Begin PBXFileReference section */
		79CBE1142167EB1D0084E6A0 /* Color Picker.app */ = {isa = PBXFileReference; explicitFileType = wrapper.application; includeInIndex = 0; path = "Color Picker.app"; sourceTree = BUILT_PRODUCTS_DIR; };
		79CBE1172167EB1D0084E6A0 /* AppDelegate.swift */ = {isa = PBXFileReference; lastKnownFileType = sourcecode.swift; path = AppDelegate.swift; sourceTree = "<group>"; };
		79CBE1192167EB1D0084E6A0 /* ViewController.swift */ = {isa = PBXFileReference; lastKnownFileType = sourcecode.swift; path = ViewController.swift; sourceTree = "<group>"; };
		79CBE11C2167EB1D0084E6A0 /* Base */ = {isa = PBXFileReference; lastKnownFileType = file.storyboard; name = Base; path = Base.lproj/Main.storyboard; sourceTree = "<group>"; };
		79CBE11E2167EB1F0084E6A0 /* Assets.xcassets */ = {isa = PBXFileReference; lastKnownFileType = folder.assetcatalog; path = Assets.xcassets; sourceTree = "<group>"; };
		79CBE1212167EB1F0084E6A0 /* Base */ = {isa = PBXFileReference; lastKnownFileType = file.storyboard; name = Base; path = Base.lproj/LaunchScreen.storyboard; sourceTree = "<group>"; };
		79CBE1232167EB1F0084E6A0 /* Info.plist */ = {isa = PBXFileReference; lastKnownFileType = text.plist.xml; path = Info.plist; sourceTree = "<group>"; };
		79CBE1282167EB1F0084E6A0 /* Color PickerTests.xctest */ = {isa = PBXFileReference; explicitFileType = wrapper.cfbundle; includeInIndex = 0; path = "Color PickerTests.xctest"; sourceTree = BUILT_PRODUCTS_DIR; };
		79CBE12C2167EB1F0084E6A0 /* Color_PickerTests.swift */ = {isa = PBXFileReference; lastKnownFileType = sourcecode.swift; path = Color_PickerTests.swift; sourceTree = "<group>"; };
		79CBE12E2167EB1F0084E6A0 /* Info.plist */ = {isa = PBXFileReference; lastKnownFileType = text.plist.xml; path = Info.plist; sourceTree = "<group>"; };
		79CBE1332167EB1F0084E6A0 /* Color PickerUITests.xctest */ = {isa = PBXFileReference; explicitFileType = wrapper.cfbundle; includeInIndex = 0; path = "Color PickerUITests.xctest"; sourceTree = BUILT_PRODUCTS_DIR; };
		79CBE1372167EB1F0084E6A0 /* Color_PickerUITests.swift */ = {isa = PBXFileReference; lastKnownFileType = sourcecode.swift; path = Color_PickerUITests.swift; sourceTree = "<group>"; };
		79CBE1392167EB1F0084E6A0 /* Info.plist */ = {isa = PBXFileReference; lastKnownFileType = text.plist.xml; path = Info.plist; sourceTree = "<group>"; };
		79CBE1452167EE3A0084E6A0 /* Colors.swift */ = {isa = PBXFileReference; fileEncoding = 4; lastKnownFileType = sourcecode.swift; name = Colors.swift; path = "../../../../Downloads/Color-Picker-master/ColorPicker/Colors.swift"; sourceTree = "<group>"; };
/* End PBXFileReference section */

/* Begin PBXFrameworksBuildPhase section */
		79CBE1112167EB1D0084E6A0 /* Frameworks */ = {
			isa = PBXFrameworksBuildPhase;
			buildActionMask = 2147483647;
			files = (
			);
			runOnlyForDeploymentPostprocessing = 0;
		};
		79CBE1252167EB1F0084E6A0 /* Frameworks */ = {
			isa = PBXFrameworksBuildPhase;
			buildActionMask = 2147483647;
			files = (
			);
			runOnlyForDeploymentPostprocessing = 0;
		};
		79CBE1302167EB1F0084E6A0 /* Frameworks */ = {
			isa = PBXFrameworksBuildPhase;
			buildActionMask = 2147483647;
			files = (
			);
			runOnlyForDeploymentPostprocessing = 0;
		};
/* End PBXFrameworksBuildPhase section */

/* Begin PBXGroup section */
		79CBE10B2167EB1D0084E6A0 = {
			isa = PBXGroup;
			children = (
				79CBE1162167EB1D0084E6A0 /* Color Picker */,
				79CBE12B2167EB1F0084E6A0 /* Color PickerTests */,
				79CBE1362167EB1F0084E6A0 /* Color PickerUITests */,
				79CBE1152167EB1D0084E6A0 /* Products */,
			);
			sourceTree = "<group>";
		};
		79CBE1152167EB1D0084E6A0 /* Products */ = {
			isa = PBXGroup;
			children = (
				79CBE1142167EB1D0084E6A0 /* Color Picker.app */,
				79CBE1282167EB1F0084E6A0 /* Color PickerTests.xctest */,
				79CBE1332167EB1F0084E6A0 /* Color PickerUITests.xctest */,
			);
			name = Products;
			sourceTree = "<group>";
		};
		79CBE1162167EB1D0084E6A0 /* Color Picker */ = {
			isa = PBXGroup;
			children = (
				79CBE1172167EB1D0084E6A0 /* AppDelegate.swift */,
				79CBE1192167EB1D0084E6A0 /* ViewController.swift */,
				79CBE11B2167EB1D0084E6A0 /* Main.storyboard */,
				79CBE11E2167EB1F0084E6A0 /* Assets.xcassets */,
				79CBE1202167EB1F0084E6A0 /* LaunchScreen.storyboard */,
				79CBE1232167EB1F0084E6A0 /* Info.plist */,
				79CBE1452167EE3A0084E6A0 /* Colors.swift */,
			);
			path = "Color Picker";
			sourceTree = "<group>";
		};
		79CBE12B2167EB1F0084E6A0 /* Color PickerTests */ = {
			isa = PBXGroup;
			children = (
				79CBE12C2167EB1F0084E6A0 /* Color_PickerTests.swift */,
				79CBE12E2167EB1F0084E6A0 /* Info.plist */,
			);
			path = "Color PickerTests";
			sourceTree = "<group>";
		};
		79CBE1362167EB1F0084E6A0 /* Color PickerUITests */ = {
			isa = PBXGroup;
			children = (
				79CBE1372167EB1F0084E6A0 /* Color_PickerUITests.swift */,
				79CBE1392167EB1F0084E6A0 /* Info.plist */,
			);
			path = "Color PickerUITests";
			sourceTree = "<group>";
		};
/* End PBXGroup section */

/* Begin PBXNativeTarget section */
		79CBE1132167EB1D0084E6A0 /* Color Picker */ = {
			isa = PBXNativeTarget;
			buildConfigurationList = 79CBE13C2167EB1F0084E6A0 /* Build configuration list for PBXNativeTarget "Color Picker" */;
			buildPhases = (
				79CBE1102167EB1D0084E6A0 /* Sources */,
				79CBE1112167EB1D0084E6A0 /* Frameworks */,
				79CBE1122167EB1D0084E6A0 /* Resources */,
			);
			buildRules = (
			);
			dependencies = (
			);
			name = "Color Picker";
			productName = "Color Picker";
			productReference = 79CBE1142167EB1D0084E6A0 /* Color Picker.app */;
			productType = "com.apple.product-type.application";
		};
		79CBE1272167EB1F0084E6A0 /* Color PickerTests */ = {
			isa = PBXNativeTarget;
			buildConfigurationList = 79CBE13F2167EB1F0084E6A0 /* Build configuration list for PBXNativeTarget "Color PickerTests" */;
			buildPhases = (
				79CBE1242167EB1F0084E6A0 /* Sources */,
				79CBE1252167EB1F0084E6A0 /* Frameworks */,
				79CBE1262167EB1F0084E6A0 /* Resources */,
			);
			buildRules = (
			);
			dependencies = (
				79CBE12A2167EB1F0084E6A0 /* PBXTargetDependency */,
			);
			name = "Color PickerTests";
			productName = "Color PickerTests";
			productReference = 79CBE1282167EB1F0084E6A0 /* Color PickerTests.xctest */;
			productType = "com.apple.product-type.bundle.unit-test";
		};
		79CBE1322167EB1F0084E6A0 /* Color PickerUITests */ = {
			isa = PBXNativeTarget;
			buildConfigurationList = 79CBE1422167EB1F0084E6A0 /* Build configuration list for PBXNativeTarget "Color PickerUITests" */;
			buildPhases = (
				79CBE12F2167EB1F0084E6A0 /* Sources */,
				79CBE1302167EB1F0084E6A0 /* Frameworks */,
				79CBE1312167EB1F0084E6A0 /* Resources */,
			);
			buildRules = (
			);
			dependencies = (
				79CBE1352167EB1F0084E6A0 /* PBXTargetDependency */,
			);
			name = "Color PickerUITests";
			productName = "Color PickerUITests";
			productReference = 79CBE1332167EB1F0084E6A0 /* Color PickerUITests.xctest */;
			productType = "com.apple.product-type.bundle.ui-testing";
		};
/* End PBXNativeTarget section */

/* Begin PBXProject section */
		79CBE10C2167EB1D0084E6A0 /* Project object */ = {
			isa = PBXProject;
			attributes = {
				LastSwiftUpdateCheck = 0940;
				LastUpgradeCheck = 0940;
				ORGANIZATIONNAME = "Patrick Rottman";
				TargetAttributes = {
					79CBE1132167EB1D0084E6A0 = {
						CreatedOnToolsVersion = 9.4.1;
					};
					79CBE1272167EB1F0084E6A0 = {
						CreatedOnToolsVersion = 9.4.1;
						TestTargetID = 79CBE1132167EB1D0084E6A0;
					};
					79CBE1322167EB1F0084E6A0 = {
						CreatedOnToolsVersion = 9.4.1;
						TestTargetID = 79CBE1132167EB1D0084E6A0;
					};
				};
			};
			buildConfigurationList = 79CBE10F2167EB1D0084E6A0 /* Build configuration list for PBXProject "Color Picker" */;
			compatibilityVersion = "Xcode 9.3";
			developmentRegion = en;
			hasScannedForEncodings = 0;
			knownRegions = (
				en,
				Base,
			);
			mainGroup = 79CBE10B2167EB1D0084E6A0;
			productRefGroup = 79CBE1152167EB1D0084E6A0 /* Products */;
			projectDirPath = "";
			projectRoot = "";
			targets = (
				79CBE1132167EB1D0084E6A0 /* Color Picker */,
				79CBE1272167EB1F0084E6A0 /* Color PickerTests */,
				79CBE1322167EB1F0084E6A0 /* Color PickerUITests */,
			);
		};
/* End PBXProject section */

/* Begin PBXResourcesBuildPhase section */
		79CBE1122167EB1D0084E6A0 /* Resources */ = {
			isa = PBXResourcesBuildPhase;
			buildActionMask = 2147483647;
			files = (
				79CBE1222167EB1F0084E6A0 /* LaunchScreen.storyboard in Resources */,
				79CBE11F2167EB1F0084E6A0 /* Assets.xcassets in Resources */,
				79CBE11D2167EB1D0084E6A0 /* Main.storyboard in Resources */,
			);
			runOnlyForDeploymentPostprocessing = 0;
		};
		79CBE1262167EB1F0084E6A0 /* Resources */ = {
			isa = PBXResourcesBuildPhase;
			buildActionMask = 2147483647;
			files = (
			);
			runOnlyForDeploymentPostprocessing = 0;
		};
		79CBE1312167EB1F0084E6A0 /* Resources */ = {
			isa = PBXResourcesBuildPhase;
			buildActionMask = 2147483647;
			files = (
			);
			runOnlyForDeploymentPostprocessing = 0;
		};
/* End PBXResourcesBuildPhase section */

/* Begin PBXSourcesBuildPhase section */
		79CBE1102167EB1D0084E6A0 /* Sources */ = {
			isa = PBXSourcesBuildPhase;
			buildActionMask = 2147483647;
			files = (
				79CBE11A2167EB1D0084E6A0 /* ViewController.swift in Sources */,
				79CBE1462167EE3A0084E6A0 /* Colors.swift in Sources */,
				79CBE1182167EB1D0084E6A0 /* AppDelegate.swift in Sources */,
			);
			runOnlyForDeploymentPostprocessing = 0;
		};
		79CBE1242167EB1F0084E6A0 /* Sources */ = {
			isa = PBXSourcesBuildPhase;
			buildActionMask = 2147483647;
			files = (
				79CBE12D2167EB1F0084E6A0 /* Color_PickerTests.swift in Sources */,
			);
			runOnlyForDeploymentPostprocessing = 0;
		};
		79CBE12F2167EB1F0084E6A0 /* Sources */ = {
			isa = PBXSourcesBuildPhase;
			buildActionMask = 2147483647;
			files = (
				79CBE1382167EB1F0084E6A0 /* Color_PickerUITests.swift in Sources */,
			);
			runOnlyForDeploymentPostprocessing = 0;
		};
/* End PBXSourcesBuildPhase section */

/* Begin PBXTargetDependency section */
		79CBE12A2167EB1F0084E6A0 /* PBXTargetDependency */ = {
			isa = PBXTargetDependency;
			target = 79CBE1132167EB1D0084E6A0 /* Color Picker */;
			targetProxy = 79CBE1292167EB1F0084E6A0 /* PBXContainerItemProxy */;
		};
		79CBE1352167EB1F0084E6A0 /* PBXTargetDependency */ = {
			isa = PBXTargetDependency;
			target = 79CBE1132167EB1D0084E6A0 /* Color Picker */;
			targetProxy = 79CBE1342167EB1F0084E6A0 /* PBXContainerItemProxy */;
		};
/* End PBXTargetDependency section */

/* Begin PBXVariantGroup section */
		79CBE11B2167EB1D0084E6A0 /* Main.storyboard */ = {
			isa = PBXVariantGroup;
			children = (
				79CBE11C2167EB1D0084E6A0 /* Base */,
			);
			name = Main.storyboard;
			sourceTree = "<group>";
		};
		79CBE1202167EB1F0084E6A0 /* LaunchScreen.storyboard */ = {
			isa = PBXVariantGroup;
			children = (
				79CBE1212167EB1F0084E6A0 /* Base */,
			);
			name = LaunchScreen.storyboard;
			sourceTree = "<group>";
		};
/* End PBXVariantGroup section */

/* Begin XCBuildConfiguration section */
		79CBE13A2167EB1F0084E6A0 /* Debug */ = {
			isa = XCBuildConfiguration;
			buildSettings = {
				ALWAYS_SEARCH_USER_PATHS = NO;
				CLANG_ANALYZER_NONNULL = YES;
				CLANG_ANALYZER_NUMBER_OBJECT_CONVERSION = YES_AGGRESSIVE;
				CLANG_CXX_LANGUAGE_STANDARD = "gnu++14";
				CLANG_CXX_LIBRARY = "libc++";
				CLANG_ENABLE_MODULES = YES;
				CLANG_ENABLE_OBJC_ARC = YES;
				CLANG_ENABLE_OBJC_WEAK = YES;
				CLANG_WARN_BLOCK_CAPTURE_AUTORELEASING = YES;
				CLANG_WARN_BOOL_CONVERSION = YES;
				CLANG_WARN_COMMA = YES;
				CLANG_WARN_CONSTANT_CONVERSION = YES;
				CLANG_WARN_DEPRECATED_OBJC_IMPLEMENTATIONS = YES;
				CLANG_WARN_DIRECT_OBJC_ISA_USAGE = YES_ERROR;
				CLANG_WARN_DOCUMENTATION_COMMENTS = YES;
				CLANG_WARN_EMPTY_BODY = YES;
				CLANG_WARN_ENUM_CONVERSION = YES;
				CLANG_WARN_INFINITE_RECURSION = YES;
				CLANG_WARN_INT_CONVERSION = YES;
				CLANG_WARN_NON_LITERAL_NULL_CONVERSION = YES;
				CLANG_WARN_OBJC_IMPLICIT_RETAIN_SELF = YES;
				CLANG_WARN_OBJC_LITERAL_CONVERSION = YES;
				CLANG_WARN_OBJC_ROOT_CLASS = YES_ERROR;
				CLANG_WARN_RANGE_LOOP_ANALYSIS = YES;
				CLANG_WARN_STRICT_PROTOTYPES = YES;
				CLANG_WARN_SUSPICIOUS_MOVE = YES;
				CLANG_WARN_UNGUARDED_AVAILABILITY = YES_AGGRESSIVE;
				CLANG_WARN_UNREACHABLE_CODE = YES;
				CLANG_WARN__DUPLICATE_METHOD_MATCH = YES;
				CODE_SIGN_IDENTITY = "iPhone Developer";
				COPY_PHASE_STRIP = NO;
				DEBUG_INFORMATION_FORMAT = dwarf;
				ENABLE_STRICT_OBJC_MSGSEND = YES;
				ENABLE_TESTABILITY = YES;
				GCC_C_LANGUAGE_STANDARD = gnu11;
				GCC_DYNAMIC_NO_PIC = NO;
				GCC_NO_COMMON_BLOCKS = YES;
				GCC_OPTIMIZATION_LEVEL = 0;
				GCC_PREPROCESSOR_DEFINITIONS = (
					"DEBUG=1",
					"$(inherited)",
				);
				GCC_WARN_64_TO_32_BIT_CONVERSION = YES;
				GCC_WARN_ABOUT_RETURN_TYPE = YES_ERROR;
				GCC_WARN_UNDECLARED_SELECTOR = YES;
				GCC_WARN_UNINITIALIZED_AUTOS = YES_AGGRESSIVE;
				GCC_WARN_UNUSED_FUNCTION = YES;
				GCC_WARN_UNUSED_VARIABLE = YES;
				IPHONEOS_DEPLOYMENT_TARGET = 11.4;
				MTL_ENABLE_DEBUG_INFO = YES;
				ONLY_ACTIVE_ARCH = YES;
				SDKROOT = iphoneos;
				SWIFT_ACTIVE_COMPILATION_CONDITIONS = DEBUG;
				SWIFT_OPTIMIZATION_LEVEL = "-Onone";
			};
			name = Debug;
		};
		79CBE13B2167EB1F0084E6A0 /* Release */ = {
			isa = XCBuildConfiguration;
			buildSettings = {
				ALWAYS_SEARCH_USER_PATHS = NO;
				CLANG_ANALYZER_NONNULL = YES;
				CLANG_ANALYZER_NUMBER_OBJECT_CONVERSION = YES_AGGRESSIVE;
				CLANG_CXX_LANGUAGE_STANDARD = "gnu++14";
				CLANG_CXX_LIBRARY = "libc++";
				CLANG_ENABLE_MODULES = YES;
				CLANG_ENABLE_OBJC_ARC = YES;
				CLANG_ENABLE_OBJC_WEAK = YES;
				CLANG_WARN_BLOCK_CAPTURE_AUTORELEASING = YES;
				CLANG_WARN_BOOL_CONVERSION = YES;
				CLANG_WARN_COMMA = YES;
				CLANG_WARN_CONSTANT_CONVERSION = YES;
				CLANG_WARN_DEPRECATED_OBJC_IMPLEMENTATIONS = YES;
				CLANG_WARN_DIRECT_OBJC_ISA_USAGE = YES_ERROR;
				CLANG_WARN_DOCUMENTATION_COMMENTS = YES;
				CLANG_WARN_EMPTY_BODY = YES;
				CLANG_WARN_ENUM_CONVERSION = YES;
				CLANG_WARN_INFINITE_RECURSION = YES;
				CLANG_WARN_INT_CONVERSION = YES;
				CLANG_WARN_NON_LITERAL_NULL_CONVERSION = YES;
				CLANG_WARN_OBJC_IMPLICIT_RETAIN_SELF = YES;
				CLANG_WARN_OBJC_LITERAL_CONVERSION = YES;
				CLANG_WARN_OBJC_ROOT_CLASS = YES_ERROR;
				CLANG_WARN_RANGE_LOOP_ANALYSIS = YES;
				CLANG_WARN_STRICT_PROTOTYPES = YES;
				CLANG_WARN_SUSPICIOUS_MOVE = YES;
				CLANG_WARN_UNGUARDED_AVAILABILITY = YES_AGGRESSIVE;
				CLANG_WARN_UNREACHABLE_CODE = YES;
				CLANG_WARN__DUPLICATE_METHOD_MATCH = YES;
				CODE_SIGN_IDENTITY = "iPhone Developer";
				COPY_PHASE_STRIP = NO;
				DEBUG_INFORMATION_FORMAT = "dwarf-with-dsym";
				ENABLE_NS_ASSERTIONS = NO;
				ENABLE_STRICT_OBJC_MSGSEND = YES;
				GCC_C_LANGUAGE_STANDARD = gnu11;
				GCC_NO_COMMON_BLOCKS = YES;
				GCC_WARN_64_TO_32_BIT_CONVERSION = YES;
				GCC_WARN_ABOUT_RETURN_TYPE = YES_ERROR;
				GCC_WARN_UNDECLARED_SELECTOR = YES;
				GCC_WARN_UNINITIALIZED_AUTOS = YES_AGGRESSIVE;
				GCC_WARN_UNUSED_FUNCTION = YES;
				GCC_WARN_UNUSED_VARIABLE = YES;
				IPHONEOS_DEPLOYMENT_TARGET = 11.4;
				MTL_ENABLE_DEBUG_INFO = NO;
				SDKROOT = iphoneos;
				SWIFT_COMPILATION_MODE = wholemodule;
				SWIFT_OPTIMIZATION_LEVEL = "-O";
				VALIDATE_PRODUCT = YES;
			};
			name = Release;
		};
		79CBE13D2167EB1F0084E6A0 /* Debug */ = {
			isa = XCBuildConfiguration;
			buildSettings = {
				ASSETCATALOG_COMPILER_APPICON_NAME = AppIcon;
				CODE_SIGN_STYLE = Automatic;
				DEVELOPMENT_TEAM = XDLG28N2K3;
				INFOPLIST_FILE = "Color Picker/Info.plist";
				LD_RUNPATH_SEARCH_PATHS = (
					"$(inherited)",
					"@executable_path/Frameworks",
				);
				PRODUCT_BUNDLE_IDENTIFIER = "patrickrottman.Color-Picker";
				PRODUCT_NAME = "$(TARGET_NAME)";
				SWIFT_VERSION = 4.0;
				TARGETED_DEVICE_FAMILY = "1,2";
			};
			name = Debug;
		};
		79CBE13E2167EB1F0084E6A0 /* Release */ = {
			isa = XCBuildConfiguration;
			buildSettings = {
				ASSETCATALOG_COMPILER_APPICON_NAME = AppIcon;
				CODE_SIGN_STYLE = Automatic;
				DEVELOPMENT_TEAM = XDLG28N2K3;
				INFOPLIST_FILE = "Color Picker/Info.plist";
				LD_RUNPATH_SEARCH_PATHS = (
					"$(inherited)",
					"@executable_path/Frameworks",
				);
				PRODUCT_BUNDLE_IDENTIFIER = "patrickrottman.Color-Picker";
				PRODUCT_NAME = "$(TARGET_NAME)";
				SWIFT_VERSION = 4.0;
				TARGETED_DEVICE_FAMILY = "1,2";
			};
			name = Release;
		};
		79CBE1402167EB1F0084E6A0 /* Debug */ = {
			isa = XCBuildConfiguration;
			buildSettings = {
				ALWAYS_EMBED_SWIFT_STANDARD_LIBRARIES = YES;
				BUNDLE_LOADER = "$(TEST_HOST)";
				CODE_SIGN_STYLE = Automatic;
				DEVELOPMENT_TEAM = XDLG28N2K3;
				INFOPLIST_FILE = "Color PickerTests/Info.plist";
				LD_RUNPATH_SEARCH_PATHS = (
					"$(inherited)",
					"@executable_path/Frameworks",
					"@loader_path/Frameworks",
				);
				PRODUCT_BUNDLE_IDENTIFIER = "patrickrottman.Color-PickerTests";
				PRODUCT_NAME = "$(TARGET_NAME)";
				SWIFT_VERSION = 4.0;
				TARGETED_DEVICE_FAMILY = "1,2";
				TEST_HOST = "$(BUILT_PRODUCTS_DIR)/Color Picker.app/Color Picker";
			};
			name = Debug;
		};
		79CBE1412167EB1F0084E6A0 /* Release */ = {
			isa = XCBuildConfiguration;
			buildSettings = {
				ALWAYS_EMBED_SWIFT_STANDARD_LIBRARIES = YES;
				BUNDLE_LOADER = "$(TEST_HOST)";
				CODE_SIGN_STYLE = Automatic;
				DEVELOPMENT_TEAM = XDLG28N2K3;
				INFOPLIST_FILE = "Color PickerTests/Info.plist";
				LD_RUNPATH_SEARCH_PATHS = (
					"$(inherited)",
					"@executable_path/Frameworks",
					"@loader_path/Frameworks",
				);
				PRODUCT_BUNDLE_IDENTIFIER = "patrickrottman.Color-PickerTests";
				PRODUCT_NAME = "$(TARGET_NAME)";
				SWIFT_VERSION = 4.0;
				TARGETED_DEVICE_FAMILY = "1,2";
				TEST_HOST = "$(BUILT_PRODUCTS_DIR)/Color Picker.app/Color Picker";
			};
			name = Release;
		};
		79CBE1432167EB1F0084E6A0 /* Debug */ = {
			isa = XCBuildConfiguration;
			buildSettings = {
				ALWAYS_EMBED_SWIFT_STANDARD_LIBRARIES = YES;
				CODE_SIGN_STYLE = Automatic;
				DEVELOPMENT_TEAM = XDLG28N2K3;
				INFOPLIST_FILE = "Color PickerUITests/Info.plist";
				LD_RUNPATH_SEARCH_PATHS = (
					"$(inherited)",
					"@executable_path/Frameworks",
					"@loader_path/Frameworks",
				);
				PRODUCT_BUNDLE_IDENTIFIER = "patrickrottman.Color-PickerUITests";
				PRODUCT_NAME = "$(TARGET_NAME)";
				SWIFT_VERSION = 4.0;
				TARGETED_DEVICE_FAMILY = "1,2";
				TEST_TARGET_NAME = "Color Picker";
			};
			name = Debug;
		};
		79CBE1442167EB1F0084E6A0 /* Release */ = {
			isa = XCBuildConfiguration;
			buildSettings = {
				ALWAYS_EMBED_SWIFT_STANDARD_LIBRARIES = YES;
				CODE_SIGN_STYLE = Automatic;
				DEVELOPMENT_TEAM = XDLG28N2K3;
				INFOPLIST_FILE = "Color PickerUITests/Info.plist";
				LD_RUNPATH_SEARCH_PATHS = (
					"$(inherited)",
					"@executable_path/Frameworks",
					"@loader_path/Frameworks",
				);
				PRODUCT_BUNDLE_IDENTIFIER = "patrickrottman.Color-PickerUITests";
				PRODUCT_NAME = "$(TARGET_NAME)";
				SWIFT_VERSION = 4.0;
				TARGETED_DEVICE_FAMILY = "1,2";
				TEST_TARGET_NAME = "Color Picker";
			};
			name = Release;
		};
/* End XCBuildConfiguration section */

/* Begin XCConfigurationList section */
		79CBE10F2167EB1D0084E6A0 /* Build configuration list for PBXProject "Color Picker" */ = {
			isa = XCConfigurationList;
			buildConfigurations = (
				79CBE13A2167EB1F0084E6A0 /* Debug */,
				79CBE13B2167EB1F0084E6A0 /* Release */,
			);
			defaultConfigurationIsVisible = 0;
			defaultConfigurationName = Release;
		};
		79CBE13C2167EB1F0084E6A0 /* Build configuration list for PBXNativeTarget "Color Picker" */ = {
			isa = XCConfigurationList;
			buildConfigurations = (
				79CBE13D2167EB1F0084E6A0 /* Debug */,
				79CBE13E2167EB1F0084E6A0 /* Release */,
			);
			defaultConfigurationIsVisible = 0;
			defaultConfigurationName = Release;
		};
		79CBE13F2167EB1F0084E6A0 /* Build configuration list for PBXNativeTarget "Color PickerTests" */ = {
			isa = XCConfigurationList;
			buildConfigurations = (
				79CBE1402167EB1F0084E6A0 /* Debug */,
				79CBE1412167EB1F0084E6A0 /* Release */,
			);
			defaultConfigurationIsVisible = 0;
			defaultConfigurationName = Release;
		};
		79CBE1422167EB1F0084E6A0 /* Build configuration list for PBXNativeTarget "Color PickerUITests" */ = {
			isa = XCConfigurationList;
			buildConfigurations = (
				79CBE1432167EB1F0084E6A0 /* Debug */,
				79CBE1442167EB1F0084E6A0 /* Release */,
			);
			defaultConfigurationIsVisible = 0;
			defaultConfigurationName = Release;
		};
/* End XCConfigurationList section */
	};
	rootObject = 79CBE10C2167EB1D0084E6A0 /* Project object */;
}
